
Microsoft Visual Studio Solution File, Format Version 12.00
# Visual Studio 15
VisualStudioVersion = 15.0.28307.421
MinimumVisualStudioVersion = 10.0.40219.1
Project("{FAE04EC0-301F-11D3-BF4B-00C04F79EFBC}") = "JustDoIt", "JustDoIt\JustDoIt.csproj", "{9085C8B6-DE64-4F53-B8D9-8E28FF8E3DAF}"
EndProject
Global
	GlobalSection(SolutionConfigurationPlatforms) = preSolution
		Debug|Any CPU = Debug|Any CPU
		Release|Any CPU = Release|Any CPU
	EndGlobalSection
	GlobalSection(ProjectConfigurationPlatforms) = postSolution
		{9085C8B6-DE64-4F53-B8D9-8E28FF8E3DAF}.Debug|Any CPU.ActiveCfg = Debug|Any CPU
		{9085C8B6-DE64-4F53-B8D9-8E28FF8E3DAF}.Debug|Any CPU.Build.0 = Debug|Any CPU
		{9085C8B6-DE64-4F53-B8D9-8E28FF8E3DAF}.Release|Any CPU.ActiveCfg = Release|Any CPU
		{9085C8B6-DE64-4F53-B8D9-8E28FF8E3DAF}.Release|Any CPU.Build.0 = Release|Any CPU
	EndGlobalSection
	GlobalSection(SolutionProperties) = preSolution
		HideSolutionNode = FALSE
	EndGlobalSection
	GlobalSection(ExtensibilityGlobals) = postSolution
		SolutionGuid = {DCB8BA47-EF94-4896-BBF5-57D4E4B9F102}
	EndGlobalSection
EndGlobal
